// !$*UTF8*$!
{
	archiveVersion = 1;
	classes = {
	};
	objectVersion = 50;
	objects = {

/* Begin PBXBuildFile section */
		093B93A62627B4C700673F12 /* AppDelegate.swift in Sources */ = {isa = PBXBuildFile; fileRef = 093B93A52627B4C700673F12 /* AppDelegate.swift */; };
		093B93A82627B4C700673F12 /* SceneDelegate.swift in Sources */ = {isa = PBXBuildFile; fileRef = 093B93A72627B4C700673F12 /* SceneDelegate.swift */; };
		093B93AA2627B4C700673F12 /* OnboardingViewController.swift in Sources */ = {isa = PBXBuildFile; fileRef = 093B93A92627B4C700673F12 /* OnboardingViewController.swift */; };
		093B93AF2627B4C900673F12 /* Assets.xcassets in Resources */ = {isa = PBXBuildFile; fileRef = 093B93AE2627B4C900673F12 /* Assets.xcassets */; };
		093B93B22627B4C900673F12 /* LaunchScreen.storyboard in Resources */ = {isa = PBXBuildFile; fileRef = 093B93B02627B4C900673F12 /* LaunchScreen.storyboard */; };
		093B93BD2627B71500673F12 /* Onboarding.storyboard in Resources */ = {isa = PBXBuildFile; fileRef = 093B93BC2627B71500673F12 /* Onboarding.storyboard */; };
		093B93C32627B95800673F12 /* PageViewController.swift in Sources */ = {isa = PBXBuildFile; fileRef = 093B93C22627B95800673F12 /* PageViewController.swift */; };
/* End PBXBuildFile section */

/* Begin PBXFileReference section */
		093B93A22627B4C700673F12 /* alarm-clock.app */ = {isa = PBXFileReference; explicitFileType = wrapper.application; includeInIndex = 0; path = "alarm-clock.app"; sourceTree = BUILT_PRODUCTS_DIR; };
		093B93A52627B4C700673F12 /* AppDelegate.swift */ = {isa = PBXFileReference; lastKnownFileType = sourcecode.swift; path = AppDelegate.swift; sourceTree = "<group>"; };
		093B93A72627B4C700673F12 /* SceneDelegate.swift */ = {isa = PBXFileReference; lastKnownFileType = sourcecode.swift; path = SceneDelegate.swift; sourceTree = "<group>"; };
		093B93A92627B4C700673F12 /* OnboardingViewController.swift */ = {isa = PBXFileReference; lastKnownFileType = sourcecode.swift; path = OnboardingViewController.swift; sourceTree = "<group>"; };
		093B93AE2627B4C900673F12 /* Assets.xcassets */ = {isa = PBXFileReference; lastKnownFileType = folder.assetcatalog; path = Assets.xcassets; sourceTree = "<group>"; };
		093B93B12627B4C900673F12 /* Base */ = {isa = PBXFileReference; lastKnownFileType = file.storyboard; name = Base; path = Base.lproj/LaunchScreen.storyboard; sourceTree = "<group>"; };
		093B93B32627B4C900673F12 /* Info.plist */ = {isa = PBXFileReference; lastKnownFileType = text.plist.xml; path = Info.plist; sourceTree = "<group>"; };
		093B93BC2627B71500673F12 /* Onboarding.storyboard */ = {isa = PBXFileReference; lastKnownFileType = file.storyboard; path = Onboarding.storyboard; sourceTree = "<group>"; };
		093B93C22627B95800673F12 /* PageViewController.swift */ = {isa = PBXFileReference; lastKnownFileType = sourcecode.swift; path = PageViewController.swift; sourceTree = "<group>"; };
/* End PBXFileReference section */

/* Begin PBXFrameworksBuildPhase section */
		093B939F2627B4C700673F12 /* Frameworks */ = {
			isa = PBXFrameworksBuildPhase;
			buildActionMask = 2147483647;
			files = (
			);
			runOnlyForDeploymentPostprocessing = 0;
		};
/* End PBXFrameworksBuildPhase section */

/* Begin PBXGroup section */
		093B93992627B4C700673F12 = {
			isa = PBXGroup;
			children = (
				093B93A42627B4C700673F12 /* alarm-clock */,
				093B93A32627B4C700673F12 /* Products */,
			);
			sourceTree = "<group>";
		};
		093B93A32627B4C700673F12 /* Products */ = {
			isa = PBXGroup;
			children = (
				093B93A22627B4C700673F12 /* alarm-clock.app */,
			);
			name = Products;
			sourceTree = "<group>";
		};
		093B93A42627B4C700673F12 /* alarm-clock */ = {
			isa = PBXGroup;
			children = (
				093B93C12627B93B00673F12 /* ViewControllers */,
				093B93BF2627B92200673F12 /* Resources */,
				093B93A52627B4C700673F12 /* AppDelegate.swift */,
				093B93A72627B4C700673F12 /* SceneDelegate.swift */,
				093B93B32627B4C900673F12 /* Info.plist */,
			);
			path = "alarm-clock";
			sourceTree = "<group>";
		};
		093B93BF2627B92200673F12 /* Resources */ = {
			isa = PBXGroup;
			children = (
				093B93AE2627B4C900673F12 /* Assets.xcassets */,
				093B93B02627B4C900673F12 /* LaunchScreen.storyboard */,
				093B93BC2627B71500673F12 /* Onboarding.storyboard */,
			);
			path = Resources;
			sourceTree = "<group>";
		};
		093B93C12627B93B00673F12 /* ViewControllers */ = {
			isa = PBXGroup;
			children = (
				093B93A92627B4C700673F12 /* OnboardingViewController.swift */,
				093B93C22627B95800673F12 /* PageViewController.swift */,
			);
			path = ViewControllers;
			sourceTree = "<group>";
		};
/* End PBXGroup section */

/* Begin PBXNativeTarget section */
		093B93A12627B4C700673F12 /* alarm-clock */ = {
			isa = PBXNativeTarget;
			buildConfigurationList = 093B93B62627B4C900673F12 /* Build configuration list for PBXNativeTarget "alarm-clock" */;
			buildPhases = (
				093B939E2627B4C700673F12 /* Sources */,
				093B939F2627B4C700673F12 /* Frameworks */,
				093B93A02627B4C700673F12 /* Resources */,
			);
			buildRules = (
			);
			dependencies = (
			);
			name = "alarm-clock";
			productName = "alarm-clock";
			productReference = 093B93A22627B4C700673F12 /* alarm-clock.app */;
			productType = "com.apple.product-type.application";
		};
/* End PBXNativeTarget section */

/* Begin PBXProject section */
		093B939A2627B4C700673F12 /* Project object */ = {
			isa = PBXProject;
			attributes = {
				LastSwiftUpdateCheck = 1240;
				LastUpgradeCheck = 1240;
				TargetAttributes = {
					093B93A12627B4C700673F12 = {
						CreatedOnToolsVersion = 12.4;
					};
				};
			};
			buildConfigurationList = 093B939D2627B4C700673F12 /* Build configuration list for PBXProject "alarm-clock" */;
			compatibilityVersion = "Xcode 9.3";
			developmentRegion = en;
			hasScannedForEncodings = 0;
			knownRegions = (
				en,
				Base,
			);
			mainGroup = 093B93992627B4C700673F12;
			productRefGroup = 093B93A32627B4C700673F12 /* Products */;
			projectDirPath = "";
			projectRoot = "";
			targets = (
				093B93A12627B4C700673F12 /* alarm-clock */,
			);
		};
/* End PBXProject section */

/* Begin PBXResourcesBuildPhase section */
		093B93A02627B4C700673F12 /* Resources */ = {
			isa = PBXResourcesBuildPhase;
			buildActionMask = 2147483647;
			files = (
				093B93BD2627B71500673F12 /* Onboarding.storyboard in Resources */,
				093B93B22627B4C900673F12 /* LaunchScreen.storyboard in Resources */,
				093B93AF2627B4C900673F12 /* Assets.xcassets in Resources */,
			);
			runOnlyForDeploymentPostprocessing = 0;
		};
/* End PBXResourcesBuildPhase section */

/* Begin PBXSourcesBuildPhase section */
		093B939E2627B4C700673F12 /* Sources */ = {
			isa = PBXSourcesBuildPhase;
			buildActionMask = 2147483647;
			files = (
				093B93AA2627B4C700673F12 /* OnboardingViewController.swift in Sources */,
				093B93A62627B4C700673F12 /* AppDelegate.swift in Sources */,
				093B93A82627B4C700673F12 /* SceneDelegate.swift in Sources */,
				093B93C32627B95800673F12 /* PageViewController.swift in Sources */,
			);
			runOnlyForDeploymentPostprocessing = 0;
		};
/* End PBXSourcesBuildPhase section */

/* Begin PBXVariantGroup section */
		093B93B02627B4C900673F12 /* LaunchScreen.storyboard */ = {
			isa = PBXVariantGroup;
			children = (
				093B93B12627B4C900673F12 /* Base */,
			);
			name = LaunchScreen.storyboard;
			sourceTree = "<group>";
		};
/* End PBXVariantGroup section */

/* Begin XCBuildConfiguration section */
		093B93B42627B4C900673F12 /* Debug */ = {
			isa = XCBuildConfiguration;
			buildSettings = {
				ALWAYS_SEARCH_USER_PATHS = NO;
				CLANG_ANALYZER_NONNULL = YES;
				CLANG_ANALYZER_NUMBER_OBJECT_CONVERSION = YES_AGGRESSIVE;
				CLANG_CXX_LANGUAGE_STANDARD = "gnu++14";
				CLANG_CXX_LIBRARY = "libc++";
				CLANG_ENABLE_MODULES = YES;
				CLANG_ENABLE_OBJC_ARC = YES;
				CLANG_ENABLE_OBJC_WEAK = YES;
				CLANG_WARN_BLOCK_CAPTURE_AUTORELEASING = YES;
				CLANG_WARN_BOOL_CONVERSION = YES;
				CLANG_WARN_COMMA = YES;
				CLANG_WARN_CONSTANT_CONVERSION = YES;
				CLANG_WARN_DEPRECATED_OBJC_IMPLEMENTATIONS = YES;
				CLANG_WARN_DIRECT_OBJC_ISA_USAGE = YES_ERROR;
				CLANG_WARN_DOCUMENTATION_COMMENTS = YES;
				CLANG_WARN_EMPTY_BODY = YES;
				CLANG_WARN_ENUM_CONVERSION = YES;
				CLANG_WARN_INFINITE_RECURSION = YES;
				CLANG_WARN_INT_CONVERSION = YES;
				CLANG_WARN_NON_LITERAL_NULL_CONVERSION = YES;
				CLANG_WARN_OBJC_IMPLICIT_RETAIN_SELF = YES;
				CLANG_WARN_OBJC_LITERAL_CONVERSION = YES;
				CLANG_WARN_OBJC_ROOT_CLASS = YES_ERROR;
				CLANG_WARN_QUOTED_INCLUDE_IN_FRAMEWORK_HEADER = YES;
				CLANG_WARN_RANGE_LOOP_ANALYSIS = YES;
				CLANG_WARN_STRICT_PROTOTYPES = YES;
				CLANG_WARN_SUSPICIOUS_MOVE = YES;
				CLANG_WARN_UNGUARDED_AVAILABILITY = YES_AGGRESSIVE;
				CLANG_WARN_UNREACHABLE_CODE = YES;
				CLANG_WARN__DUPLICATE_METHOD_MATCH = YES;
				COPY_PHASE_STRIP = NO;
				DEBUG_INFORMATION_FORMAT = dwarf;
				ENABLE_STRICT_OBJC_MSGSEND = YES;
				ENABLE_TESTABILITY = YES;
				GCC_C_LANGUAGE_STANDARD = gnu11;
				GCC_DYNAMIC_NO_PIC = NO;
				GCC_NO_COMMON_BLOCKS = YES;
				GCC_OPTIMIZATION_LEVEL = 0;
				GCC_PREPROCESSOR_DEFINITIONS = (
					"DEBUG=1",
					"$(inherited)",
				);
				GCC_WARN_64_TO_32_BIT_CONVERSION = YES;
				GCC_WARN_ABOUT_RETURN_TYPE = YES_ERROR;
				GCC_WARN_UNDECLARED_SELECTOR = YES;
				GCC_WARN_UNINITIALIZED_AUTOS = YES_AGGRESSIVE;
				GCC_WARN_UNUSED_FUNCTION = YES;
				GCC_WARN_UNUSED_VARIABLE = YES;
				IPHONEOS_DEPLOYMENT_TARGET = 14.4;
				MTL_ENABLE_DEBUG_INFO = INCLUDE_SOURCE;
				MTL_FAST_MATH = YES;
				ONLY_ACTIVE_ARCH = YES;
				SDKROOT = iphoneos;
				SWIFT_ACTIVE_COMPILATION_CONDITIONS = DEBUG;
				SWIFT_OPTIMIZATION_LEVEL = "-Onone";
			};
			name = Debug;
		};
		093B93B52627B4C900673F12 /* Release */ = {
			isa = XCBuildConfiguration;
			buildSettings = {
				ALWAYS_SEARCH_USER_PATHS = NO;
				CLANG_ANALYZER_NONNULL = YES;
				CLANG_ANALYZER_NUMBER_OBJECT_CONVERSION = YES_AGGRESSIVE;
				CLANG_CXX_LANGUAGE_STANDARD = "gnu++14";
				CLANG_CXX_LIBRARY = "libc++";
				CLANG_ENABLE_MODULES = YES;
				CLANG_ENABLE_OBJC_ARC = YES;
				CLANG_ENABLE_OBJC_WEAK = YES;
				CLANG_WARN_BLOCK_CAPTURE_AUTORELEASING = YES;
				CLANG_WARN_BOOL_CONVERSION = YES;
				CLANG_WARN_COMMA = YES;
				CLANG_WARN_CONSTANT_CONVERSION = YES;
				CLANG_WARN_DEPRECATED_OBJC_IMPLEMENTATIONS = YES;
				CLANG_WARN_DIRECT_OBJC_ISA_USAGE = YES_ERROR;
				CLANG_WARN_DOCUMENTATION_COMMENTS = YES;
				CLANG_WARN_EMPTY_BODY = YES;
				CLANG_WARN_ENUM_CONVERSION = YES;
				CLANG_WARN_INFINITE_RECURSION = YES;
				CLANG_WARN_INT_CONVERSION = YES;
				CLANG_WARN_NON_LITERAL_NULL_CONVERSION = YES;
				CLANG_WARN_OBJC_IMPLICIT_RETAIN_SELF = YES;
				CLANG_WARN_OBJC_LITERAL_CONVERSION = YES;
				CLANG_WARN_OBJC_ROOT_CLASS = YES_ERROR;
				CLANG_WARN_QUOTED_INCLUDE_IN_FRAMEWORK_HEADER = YES;
				CLANG_WARN_RANGE_LOOP_ANALYSIS = YES;
				CLANG_WARN_STRICT_PROTOTYPES = YES;
				CLANG_WARN_SUSPICIOUS_MOVE = YES;
				CLANG_WARN_UNGUARDED_AVAILABILITY = YES_AGGRESSIVE;
				CLANG_WARN_UNREACHABLE_CODE = YES;
				CLANG_WARN__DUPLICATE_METHOD_MATCH = YES;
				COPY_PHASE_STRIP = NO;
				DEBUG_INFORMATION_FORMAT = "dwarf-with-dsym";
				ENABLE_NS_ASSERTIONS = NO;
				ENABLE_STRICT_OBJC_MSGSEND = YES;
				GCC_C_LANGUAGE_STANDARD = gnu11;
				GCC_NO_COMMON_BLOCKS = YES;
				GCC_WARN_64_TO_32_BIT_CONVERSION = YES;
				GCC_WARN_ABOUT_RETURN_TYPE = YES_ERROR;
				GCC_WARN_UNDECLARED_SELECTOR = YES;
				GCC_WARN_UNINITIALIZED_AUTOS = YES_AGGRESSIVE;
				GCC_WARN_UNUSED_FUNCTION = YES;
				GCC_WARN_UNUSED_VARIABLE = YES;
				IPHONEOS_DEPLOYMENT_TARGET = 14.4;
				MTL_ENABLE_DEBUG_INFO = NO;
				MTL_FAST_MATH = YES;
				SDKROOT = iphoneos;
				SWIFT_COMPILATION_MODE = wholemodule;
				SWIFT_OPTIMIZATION_LEVEL = "-O";
				VALIDATE_PRODUCT = YES;
			};
			name = Release;
		};
		093B93B72627B4C900673F12 /* Debug */ = {
			isa = XCBuildConfiguration;
			buildSettings = {
				ASSETCATALOG_COMPILER_APPICON_NAME = AppIcon;
				ASSETCATALOG_COMPILER_GLOBAL_ACCENT_COLOR_NAME = AccentColor;
				CODE_SIGN_STYLE = Automatic;
				DEVELOPMENT_TEAM = J273RJ8N9K;
				INFOPLIST_FILE = "alarm-clock/Info.plist";
				LD_RUNPATH_SEARCH_PATHS = (
					"$(inherited)",
					"@executable_path/Frameworks",
				);
				PRODUCT_BUNDLE_IDENTIFIER = "Apple.alarm-clock";
				PRODUCT_NAME = "$(TARGET_NAME)";
				SWIFT_VERSION = 5.0;
				TARGETED_DEVICE_FAMILY = 1;
			};
			name = Debug;
		};
		093B93B82627B4C900673F12 /* Release */ = {
			isa = XCBuildConfiguration;
			buildSettings = {
				ASSETCATALOG_COMPILER_APPICON_NAME = AppIcon;
				ASSETCATALOG_COMPILER_GLOBAL_ACCENT_COLOR_NAME = AccentColor;
				CODE_SIGN_STYLE = Automatic;
				DEVELOPMENT_TEAM = J273RJ8N9K;
				INFOPLIST_FILE = "alarm-clock/Info.plist";
				LD_RUNPATH_SEARCH_PATHS = (
					"$(inherited)",
					"@executable_path/Frameworks",
				);
				PRODUCT_BUNDLE_IDENTIFIER = "Apple.alarm-clock";
				PRODUCT_NAME = "$(TARGET_NAME)";
				SWIFT_VERSION = 5.0;
				TARGETED_DEVICE_FAMILY = 1;
			};
			name = Release;
		};
/* End XCBuildConfiguration section */

/* Begin XCConfigurationList section */
		093B939D2627B4C700673F12 /* Build configuration list for PBXProject "alarm-clock" */ = {
			isa = XCConfigurationList;
			buildConfigurations = (
				093B93B42627B4C900673F12 /* Debug */,
				093B93B52627B4C900673F12 /* Release */,
			);
			defaultConfigurationIsVisible = 0;
			defaultConfigurationName = Release;
		};
		093B93B62627B4C900673F12 /* Build configuration list for PBXNativeTarget "alarm-clock" */ = {
			isa = XCConfigurationList;
			buildConfigurations = (
				093B93B72627B4C900673F12 /* Debug */,
				093B93B82627B4C900673F12 /* Release */,
			);
			defaultConfigurationIsVisible = 0;
			defaultConfigurationName = Release;
		};
/* End XCConfigurationList section */
	};
	rootObject = 093B939A2627B4C700673F12 /* Project object */;
}
